PODS:
  - Alamofire (4.9.1)
  - MBProgressHUD (1.2.0)
  - SnapKit (5.0.1)

DEPENDENCIES:
  - Alamofire
  - MBProgressHUD (~> 1.2.0)
  - SnapKit (~> 5.0.0)

SPEC REPOS:
  trunk:
    - Alamofire
    - MBProgressHUD
    - SnapKit

SPEC CHECKSUMS:
  Alamofire: 85e8a02c69d6020a0d734f6054870d7ecb75cf18
  MBProgressHUD: 3ee5efcc380f6a79a7cc9b363dd669c5e1ae7406
  SnapKit: 97b92857e3df3a0c71833cce143274bf6ef8e5eb

PODFILE CHECKSUM: 40c9804b95451783256f126e1e129a3cbd1d0ff6

COCOAPODS: 1.8.4
