// !$*UTF8*$!
{
	archiveVersion = 1;
	classes = {
	};
	objectVersion = 51;
	objects = {

/* Begin PBXBuildFile section */
		8D10D4612408F49500BEA473 /* TodoListInteractor.swift in Sources */ = {isa = PBXBuildFile; fileRef = 8D10D45C2408F47C00BEA473 /* TodoListInteractor.swift */; };
		8D10D4622408F49500BEA473 /* TodoListPresenter.swift in Sources */ = {isa = PBXBuildFile; fileRef = 8D10D45D2408F48300BEA473 /* TodoListPresenter.swift */; };
		8D10D4632408F49500BEA473 /* TodoListProtocols.swift in Sources */ = {isa = PBXBuildFile; fileRef = 8D10D45E2408F48600BEA473 /* TodoListProtocols.swift */; };
		8D10D4642408F49500BEA473 /* TodoListRouter.swift in Sources */ = {isa = PBXBuildFile; fileRef = 8D10D45F2408F48A00BEA473 /* TodoListRouter.swift */; };
		8D10D4652408F49500BEA473 /* TodoListViewController.swift in Sources */ = {isa = PBXBuildFile; fileRef = 8D10D4602408F48E00BEA473 /* TodoListViewController.swift */; };
		8D10D4672408FB3700BEA473 /* Todo.swift in Sources */ = {isa = PBXBuildFile; fileRef = 8D10D4662408FB3700BEA473 /* Todo.swift */; };
		8D10D4692408FCCC00BEA473 /* TodosPage.swift in Sources */ = {isa = PBXBuildFile; fileRef = 8D10D4682408FCCC00BEA473 /* TodosPage.swift */; };
		8D10D46E2408FD9F00BEA473 /* TasksWorker.swift in Sources */ = {isa = PBXBuildFile; fileRef = 8D10D46D2408FD9F00BEA473 /* TasksWorker.swift */; };
		8D10D4702408FDB900BEA473 /* TasksWorkerProtocols.swift in Sources */ = {isa = PBXBuildFile; fileRef = 8D10D46F2408FDB900BEA473 /* TasksWorkerProtocols.swift */; };
		8D10D4732409037100BEA473 /* TodosEndpoint.swift in Sources */ = {isa = PBXBuildFile; fileRef = 8D10D4722409037100BEA473 /* TodosEndpoint.swift */; };
		8D10D4752409229D00BEA473 /* CellName.swift in Sources */ = {isa = PBXBuildFile; fileRef = 8D10D4742409229D00BEA473 /* CellName.swift */; };
		8D10D479240923D700BEA473 /* TodoCell.swift in Sources */ = {isa = PBXBuildFile; fileRef = 8D10D477240923D700BEA473 /* TodoCell.swift */; };
		8D10D47A240923D700BEA473 /* TodoCell.xib in Resources */ = {isa = PBXBuildFile; fileRef = 8D10D478240923D700BEA473 /* TodoCell.xib */; };
		8D10D47E2409322D00BEA473 /* Date+Extensions.swift in Sources */ = {isa = PBXBuildFile; fileRef = 8D10D47D2409322D00BEA473 /* Date+Extensions.swift */; };
		8D94AF4C2407A5B0002D8D56 /* AppDelegate.swift in Sources */ = {isa = PBXBuildFile; fileRef = 8D94AF4B2407A5B0002D8D56 /* AppDelegate.swift */; };
		8D94AF502407A5B0002D8D56 /* BaseController.swift in Sources */ = {isa = PBXBuildFile; fileRef = 8D94AF4F2407A5B0002D8D56 /* BaseController.swift */; };
		8D94AF552407A5B2002D8D56 /* Assets.xcassets in Resources */ = {isa = PBXBuildFile; fileRef = 8D94AF542407A5B2002D8D56 /* Assets.xcassets */; };
		8D94AF582407A5B2002D8D56 /* LaunchScreen.storyboard in Resources */ = {isa = PBXBuildFile; fileRef = 8D94AF562407A5B2002D8D56 /* LaunchScreen.storyboard */; };
		8D94AF6A2407B842002D8D56 /* Configuration.plist in Resources */ = {isa = PBXBuildFile; fileRef = 8D94AF692407B842002D8D56 /* Configuration.plist */; };
		8D94AF6D2407BF1C002D8D56 /* AppRouter.swift in Sources */ = {isa = PBXBuildFile; fileRef = 8D94AF6C2407BF1C002D8D56 /* AppRouter.swift */; };
		8D94AF712407BFD5002D8D56 /* Colors.swift in Sources */ = {isa = PBXBuildFile; fileRef = 8D94AF702407BFD5002D8D56 /* Colors.swift */; };
		8D94AF792407C36A002D8D56 /* Localizable.strings in Resources */ = {isa = PBXBuildFile; fileRef = 8D94AF7B2407C36A002D8D56 /* Localizable.strings */; };
		8D94AF7F2407C3DC002D8D56 /* Localizable.swift in Sources */ = {isa = PBXBuildFile; fileRef = 8D94AF7E2407C3DC002D8D56 /* Localizable.swift */; };
		8D94AF892407C725002D8D56 /* LoginProtocols.swift in Sources */ = {isa = PBXBuildFile; fileRef = 8D94AF882407C725002D8D56 /* LoginProtocols.swift */; };
		8D94AF8B2407D546002D8D56 /* LoginViewController.swift in Sources */ = {isa = PBXBuildFile; fileRef = 8D94AF8A2407D546002D8D56 /* LoginViewController.swift */; };
		8D94AF8E2407D67D002D8D56 /* TDField.swift in Sources */ = {isa = PBXBuildFile; fileRef = 8D94AF8D2407D67D002D8D56 /* TDField.swift */; };
		8D94AF902407D961002D8D56 /* AuthManager.swift in Sources */ = {isa = PBXBuildFile; fileRef = 8D94AF8F2407D961002D8D56 /* AuthManager.swift */; };
		8D94AF952407DAB3002D8D56 /* AuthResponse.swift in Sources */ = {isa = PBXBuildFile; fileRef = 8D94AF942407DAB3002D8D56 /* AuthResponse.swift */; };
		8D94AF972407E062002D8D56 /* UITextField+Extensions.swift in Sources */ = {isa = PBXBuildFile; fileRef = 8D94AF962407E062002D8D56 /* UITextField+Extensions.swift */; };
		8D94AF992407E2B9002D8D56 /* TDButton.swift in Sources */ = {isa = PBXBuildFile; fileRef = 8D94AF982407E2B9002D8D56 /* TDButton.swift */; };
		8D94AF9B2407EFE1002D8D56 /* LoginPresenter.swift in Sources */ = {isa = PBXBuildFile; fileRef = 8D94AF9A2407EFE1002D8D56 /* LoginPresenter.swift */; };
		8D94AF9F2407F58B002D8D56 /* LoginRouter.swift in Sources */ = {isa = PBXBuildFile; fileRef = 8D94AF9E2407F58B002D8D56 /* LoginRouter.swift */; };
		8D94AFA12407F6B3002D8D56 /* LoginInteractor.swift in Sources */ = {isa = PBXBuildFile; fileRef = 8D94AFA02407F6B3002D8D56 /* LoginInteractor.swift */; };
		8D94AFB224080458002D8D56 /* String+Extension.swift in Sources */ = {isa = PBXBuildFile; fileRef = 8D94AFB124080458002D8D56 /* String+Extension.swift */; };
		8D94AFB624080D04002D8D56 /* NetworkManager.swift in Sources */ = {isa = PBXBuildFile; fileRef = 8D94AFB524080D04002D8D56 /* NetworkManager.swift */; };
		8D94AFB824080D67002D8D56 /* NetworkResponse.swift in Sources */ = {isa = PBXBuildFile; fileRef = 8D94AFB724080D67002D8D56 /* NetworkResponse.swift */; };
		8D94AFBA24080D8F002D8D56 /* EndPointType.swift in Sources */ = {isa = PBXBuildFile; fileRef = 8D94AFB924080D8F002D8D56 /* EndPointType.swift */; };
		8D94AFBC24080E03002D8D56 /* NetworkSettingsManager.swift in Sources */ = {isa = PBXBuildFile; fileRef = 8D94AFBB24080E03002D8D56 /* NetworkSettingsManager.swift */; };
		8D94AFBE24080E34002D8D56 /* Result.swift in Sources */ = {isa = PBXBuildFile; fileRef = 8D94AFBD24080E34002D8D56 /* Result.swift */; };
		8D94AFC124080F28002D8D56 /* AuthEndPoint.swift in Sources */ = {isa = PBXBuildFile; fileRef = 8D94AFC024080F28002D8D56 /* AuthEndPoint.swift */; };
		8D94AFC62408139E002D8D56 /* Configuration.swift in Sources */ = {isa = PBXBuildFile; fileRef = 8D94AFC52408139E002D8D56 /* Configuration.swift */; };
		8D94AFC824081B9C002D8D56 /* Validator.swift in Sources */ = {isa = PBXBuildFile; fileRef = 8D94AFC724081B9C002D8D56 /* Validator.swift */; };
		8DC395DA240845DE00FFBFAC /* SignUpRouter.swift in Sources */ = {isa = PBXBuildFile; fileRef = 8D18E68924083BB5005C75B8 /* SignUpRouter.swift */; };
		8DC395DB240845E100FFBFAC /* SignUpInteractor.swift in Sources */ = {isa = PBXBuildFile; fileRef = 8D18E68624083BA7005C75B8 /* SignUpInteractor.swift */; };
		8DC395DC240845E800FFBFAC /* SignUpPresenter.swift in Sources */ = {isa = PBXBuildFile; fileRef = 8D18E68724083BAC005C75B8 /* SignUpPresenter.swift */; };
		8DC395DD240845EA00FFBFAC /* SignUpProtocols.swift in Sources */ = {isa = PBXBuildFile; fileRef = 8D18E68824083BB1005C75B8 /* SignUpProtocols.swift */; };
		8DC395DE240845EF00FFBFAC /* SignUpViewController.swift in Sources */ = {isa = PBXBuildFile; fileRef = 8D18E68A24083BB9005C75B8 /* SignUpViewController.swift */; };
		8DD4E99C24094C9200D749AD /* TodoItemProtocols.swift in Sources */ = {isa = PBXBuildFile; fileRef = 8DD4E99B24094C9200D749AD /* TodoItemProtocols.swift */; };
		8DD4E99E24094F8900D749AD /* TodoItemInteractor.swift in Sources */ = {isa = PBXBuildFile; fileRef = 8DD4E99D24094F5500D749AD /* TodoItemInteractor.swift */; };
		8DD4E9A0240952D200D749AD /* TodoItemPresenter.swift in Sources */ = {isa = PBXBuildFile; fileRef = 8DD4E99F240952CF00D749AD /* TodoItemPresenter.swift */; };
		8DD4E9A22409552A00D749AD /* TodoItemViewController.swift in Sources */ = {isa = PBXBuildFile; fileRef = 8DD4E9A1240954EE00D749AD /* TodoItemViewController.swift */; };
		8DD4E9A4240958AE00D749AD /* TodoItemRouter.swift in Sources */ = {isa = PBXBuildFile; fileRef = 8DD4E9A3240958AB00D749AD /* TodoItemRouter.swift */; };
		8DF09831240A31B000295C4D /* TDTextView.swift in Sources */ = {isa = PBXBuildFile; fileRef = 8DF09830240A31B000295C4D /* TDTextView.swift */; };
		8DF09833240ABBE000295C4D /* UITextView+Extensions.swift in Sources */ = {isa = PBXBuildFile; fileRef = 8DF09832240ABBE000295C4D /* UITextView+Extensions.swift */; };
		8DF09835240ACA0400295C4D /* NotificationName.swift in Sources */ = {isa = PBXBuildFile; fileRef = 8DF09834240ACA0400295C4D /* NotificationName.swift */; };
		8DF0983D240B792A00295C4D /* SettingsProtocols.swift in Sources */ = {isa = PBXBuildFile; fileRef = 8DF0983C240B791700295C4D /* SettingsProtocols.swift */; };
		8DF09840240B7A5700295C4D /* SettingsViewController.swift in Sources */ = {isa = PBXBuildFile; fileRef = 8DF0983F240B7A4000295C4D /* SettingsViewController.swift */; };
		8DF09842240B7B7A00295C4D /* SettingsRouter.swift in Sources */ = {isa = PBXBuildFile; fileRef = 8DF09841240B7B5400295C4D /* SettingsRouter.swift */; };
		8DF09844240B7BD000295C4D /* SettingsPresenter.swift in Sources */ = {isa = PBXBuildFile; fileRef = 8DF09843240B7BBB00295C4D /* SettingsPresenter.swift */; };
		8DF09846240B7C6300295C4D /* SettingsInteractor.swift in Sources */ = {isa = PBXBuildFile; fileRef = 8DF09845240B7C4200295C4D /* SettingsInteractor.swift */; };
		8DF0984A240B834C00295C4D /* LogoutCell.swift in Sources */ = {isa = PBXBuildFile; fileRef = 8DF09848240B834C00295C4D /* LogoutCell.swift */; };
		8DF0984B240B834C00295C4D /* LogoutCell.xib in Resources */ = {isa = PBXBuildFile; fileRef = 8DF09849240B834C00295C4D /* LogoutCell.xib */; };
		8DF09855240B8BBA00295C4D /* SortTypeValue.swift in Sources */ = {isa = PBXBuildFile; fileRef = 8DF09854240B8BBA00295C4D /* SortTypeValue.swift */; };
		8DF09859240BA7E600295C4D /* SettingsWorkerProtocols.swift in Sources */ = {isa = PBXBuildFile; fileRef = 8DF09858240BA7C500295C4D /* SettingsWorkerProtocols.swift */; };
		8DF0985B240BA8A300295C4D /* SettingsWorker.swift in Sources */ = {isa = PBXBuildFile; fileRef = 8DF0985A240BA8A300295C4D /* SettingsWorker.swift */; };
		8DF09864240BE8E500295C4D /* SortingScreenProtocols.swift in Sources */ = {isa = PBXBuildFile; fileRef = 8DF09862240BE7CE00295C4D /* SortingScreenProtocols.swift */; };
		8DF09865240BE8E700295C4D /* SortingScreenViewController.swift in Sources */ = {isa = PBXBuildFile; fileRef = 8DF09863240BE8C300295C4D /* SortingScreenViewController.swift */; };
		8DF09867240BE99D00295C4D /* SortingScreenPresenter.swift in Sources */ = {isa = PBXBuildFile; fileRef = 8DF09866240BE97500295C4D /* SortingScreenPresenter.swift */; };
		8DF09869240BE9AF00295C4D /* SortingScreenInteractor.swift in Sources */ = {isa = PBXBuildFile; fileRef = 8DF09868240BE9A600295C4D /* SortingScreenInteractor.swift */; };
		8DF0986B240BEA5C00295C4D /* SortTypeKey.swift in Sources */ = {isa = PBXBuildFile; fileRef = 8DF0986A240BEA5C00295C4D /* SortTypeKey.swift */; };
		8DF0986E240BEB5C00295C4D /* SortObject.swift in Sources */ = {isa = PBXBuildFile; fileRef = 8DF0986D240BEB5C00295C4D /* SortObject.swift */; };
		8DF09870240BF24400295C4D /* SortingScreenRouter.swift in Sources */ = {isa = PBXBuildFile; fileRef = 8DF0986F240BF24200295C4D /* SortingScreenRouter.swift */; };
		8DF09873240BF32C00295C4D /* SelectField.swift in Sources */ = {isa = PBXBuildFile; fileRef = 8DF09872240BF32C00295C4D /* SelectField.swift */; };
		8DF09876240BF35B00295C4D /* SelectPicker.swift in Sources */ = {isa = PBXBuildFile; fileRef = 8DF09875240BF35B00295C4D /* SelectPicker.swift */; };
		A5CBB68F18AB06609CDF154D /* Pods_TodoViperApp.framework in Frameworks */ = {isa = PBXBuildFile; fileRef = 25C5ED65DE469B70763EFE72 /* Pods_TodoViperApp.framework */; };
/* End PBXBuildFile section */

/* Begin PBXFileReference section */
		25C5ED65DE469B70763EFE72 /* Pods_TodoViperApp.framework */ = {isa = PBXFileReference; explicitFileType = wrapper.framework; includeInIndex = 0; path = Pods_TodoViperApp.framework; sourceTree = BUILT_PRODUCTS_DIR; };
		8D10D45C2408F47C00BEA473 /* TodoListInteractor.swift */ = {isa = PBXFileReference; lastKnownFileType = sourcecode.swift; path = TodoListInteractor.swift; sourceTree = "<group>"; };
		8D10D45D2408F48300BEA473 /* TodoListPresenter.swift */ = {isa = PBXFileReference; lastKnownFileType = sourcecode.swift; path = TodoListPresenter.swift; sourceTree = "<group>"; };
		8D10D45E2408F48600BEA473 /* TodoListProtocols.swift */ = {isa = PBXFileReference; lastKnownFileType = sourcecode.swift; path = TodoListProtocols.swift; sourceTree = "<group>"; };
		8D10D45F2408F48A00BEA473 /* TodoListRouter.swift */ = {isa = PBXFileReference; lastKnownFileType = sourcecode.swift; path = TodoListRouter.swift; sourceTree = "<group>"; };
		8D10D4602408F48E00BEA473 /* TodoListViewController.swift */ = {isa = PBXFileReference; lastKnownFileType = sourcecode.swift; path = TodoListViewController.swift; sourceTree = "<group>"; };
		8D10D4662408FB3700BEA473 /* Todo.swift */ = {isa = PBXFileReference; lastKnownFileType = sourcecode.swift; path = Todo.swift; sourceTree = "<group>"; };
		8D10D4682408FCCC00BEA473 /* TodosPage.swift */ = {isa = PBXFileReference; lastKnownFileType = sourcecode.swift; path = TodosPage.swift; sourceTree = "<group>"; };
		8D10D46D2408FD9F00BEA473 /* TasksWorker.swift */ = {isa = PBXFileReference; lastKnownFileType = sourcecode.swift; path = TasksWorker.swift; sourceTree = "<group>"; };
		8D10D46F2408FDB900BEA473 /* TasksWorkerProtocols.swift */ = {isa = PBXFileReference; lastKnownFileType = sourcecode.swift; path = TasksWorkerProtocols.swift; sourceTree = "<group>"; };
		8D10D4722409037100BEA473 /* TodosEndpoint.swift */ = {isa = PBXFileReference; lastKnownFileType = sourcecode.swift; path = TodosEndpoint.swift; sourceTree = "<group>"; };
		8D10D4742409229D00BEA473 /* CellName.swift */ = {isa = PBXFileReference; lastKnownFileType = sourcecode.swift; path = CellName.swift; sourceTree = "<group>"; };
		8D10D477240923D700BEA473 /* TodoCell.swift */ = {isa = PBXFileReference; lastKnownFileType = sourcecode.swift; path = TodoCell.swift; sourceTree = "<group>"; };
		8D10D478240923D700BEA473 /* TodoCell.xib */ = {isa = PBXFileReference; lastKnownFileType = file.xib; path = TodoCell.xib; sourceTree = "<group>"; };
		8D10D47D2409322D00BEA473 /* Date+Extensions.swift */ = {isa = PBXFileReference; lastKnownFileType = sourcecode.swift; path = "Date+Extensions.swift"; sourceTree = "<group>"; };
		8D18E68624083BA7005C75B8 /* SignUpInteractor.swift */ = {isa = PBXFileReference; lastKnownFileType = sourcecode.swift; path = SignUpInteractor.swift; sourceTree = "<group>"; };
		8D18E68724083BAC005C75B8 /* SignUpPresenter.swift */ = {isa = PBXFileReference; lastKnownFileType = sourcecode.swift; path = SignUpPresenter.swift; sourceTree = "<group>"; };
		8D18E68824083BB1005C75B8 /* SignUpProtocols.swift */ = {isa = PBXFileReference; lastKnownFileType = sourcecode.swift; path = SignUpProtocols.swift; sourceTree = "<group>"; };
		8D18E68924083BB5005C75B8 /* SignUpRouter.swift */ = {isa = PBXFileReference; lastKnownFileType = sourcecode.swift; path = SignUpRouter.swift; sourceTree = "<group>"; };
		8D18E68A24083BB9005C75B8 /* SignUpViewController.swift */ = {isa = PBXFileReference; lastKnownFileType = sourcecode.swift; path = SignUpViewController.swift; sourceTree = "<group>"; };
		8D94AF482407A5B0002D8D56 /* TodoViperApp.app */ = {isa = PBXFileReference; explicitFileType = wrapper.application; includeInIndex = 0; path = TodoViperApp.app; sourceTree = BUILT_PRODUCTS_DIR; };
		8D94AF4B2407A5B0002D8D56 /* AppDelegate.swift */ = {isa = PBXFileReference; lastKnownFileType = sourcecode.swift; path = AppDelegate.swift; sourceTree = "<group>"; };
		8D94AF4F2407A5B0002D8D56 /* BaseController.swift */ = {isa = PBXFileReference; lastKnownFileType = sourcecode.swift; path = BaseController.swift; sourceTree = "<group>"; };
		8D94AF542407A5B2002D8D56 /* Assets.xcassets */ = {isa = PBXFileReference; lastKnownFileType = folder.assetcatalog; path = Assets.xcassets; sourceTree = "<group>"; };
		8D94AF572407A5B2002D8D56 /* Base */ = {isa = PBXFileReference; lastKnownFileType = file.storyboard; name = Base; path = Base.lproj/LaunchScreen.storyboard; sourceTree = "<group>"; };
		8D94AF592407A5B2002D8D56 /* Info.plist */ = {isa = PBXFileReference; lastKnownFileType = text.plist.xml; path = Info.plist; sourceTree = "<group>"; };
		8D94AF692407B842002D8D56 /* Configuration.plist */ = {isa = PBXFileReference; lastKnownFileType = text.plist.xml; path = Configuration.plist; sourceTree = "<group>"; };
		8D94AF6C2407BF1C002D8D56 /* AppRouter.swift */ = {isa = PBXFileReference; lastKnownFileType = sourcecode.swift; path = AppRouter.swift; sourceTree = "<group>"; };
		8D94AF702407BFD5002D8D56 /* Colors.swift */ = {isa = PBXFileReference; lastKnownFileType = sourcecode.swift; path = Colors.swift; sourceTree = "<group>"; };
		8D94AF742407C2EF002D8D56 /* en-GB */ = {isa = PBXFileReference; lastKnownFileType = text.plist.strings; name = "en-GB"; path = "en-GB.lproj/LaunchScreen.strings"; sourceTree = "<group>"; };
		8D94AF762407C311002D8D56 /* en */ = {isa = PBXFileReference; lastKnownFileType = text.plist.strings; name = en; path = en.lproj/LaunchScreen.strings; sourceTree = "<group>"; };
		8D94AF7A2407C36A002D8D56 /* en */ = {isa = PBXFileReference; lastKnownFileType = text.plist.strings; name = en; path = en.lproj/Localizable.strings; sourceTree = "<group>"; };
		8D94AF7C2407C36F002D8D56 /* en-GB */ = {isa = PBXFileReference; lastKnownFileType = text.plist.strings; name = "en-GB"; path = "en-GB.lproj/Localizable.strings"; sourceTree = "<group>"; };
		8D94AF7E2407C3DC002D8D56 /* Localizable.swift */ = {isa = PBXFileReference; lastKnownFileType = sourcecode.swift; path = Localizable.swift; sourceTree = "<group>"; };
		8D94AF882407C725002D8D56 /* LoginProtocols.swift */ = {isa = PBXFileReference; lastKnownFileType = sourcecode.swift; path = LoginProtocols.swift; sourceTree = "<group>"; };
		8D94AF8A2407D546002D8D56 /* LoginViewController.swift */ = {isa = PBXFileReference; lastKnownFileType = sourcecode.swift; path = LoginViewController.swift; sourceTree = "<group>"; };
		8D94AF8D2407D67D002D8D56 /* TDField.swift */ = {isa = PBXFileReference; lastKnownFileType = sourcecode.swift; path = TDField.swift; sourceTree = "<group>"; };
		8D94AF8F2407D961002D8D56 /* AuthManager.swift */ = {isa = PBXFileReference; lastKnownFileType = sourcecode.swift; path = AuthManager.swift; sourceTree = "<group>"; };
		8D94AF942407DAB3002D8D56 /* AuthResponse.swift */ = {isa = PBXFileReference; lastKnownFileType = sourcecode.swift; path = AuthResponse.swift; sourceTree = "<group>"; };
		8D94AF962407E062002D8D56 /* UITextField+Extensions.swift */ = {isa = PBXFileReference; lastKnownFileType = sourcecode.swift; path = "UITextField+Extensions.swift"; sourceTree = "<group>"; };
		8D94AF982407E2B9002D8D56 /* TDButton.swift */ = {isa = PBXFileReference; lastKnownFileType = sourcecode.swift; path = TDButton.swift; sourceTree = "<group>"; };
		8D94AF9A2407EFE1002D8D56 /* LoginPresenter.swift */ = {isa = PBXFileReference; lastKnownFileType = sourcecode.swift; path = LoginPresenter.swift; sourceTree = "<group>"; };
		8D94AF9E2407F58B002D8D56 /* LoginRouter.swift */ = {isa = PBXFileReference; lastKnownFileType = sourcecode.swift; path = LoginRouter.swift; sourceTree = "<group>"; };
		8D94AFA02407F6B3002D8D56 /* LoginInteractor.swift */ = {isa = PBXFileReference; lastKnownFileType = sourcecode.swift; path = LoginInteractor.swift; sourceTree = "<group>"; };
		8D94AFB124080458002D8D56 /* String+Extension.swift */ = {isa = PBXFileReference; lastKnownFileType = sourcecode.swift; path = "String+Extension.swift"; sourceTree = "<group>"; };
		8D94AFB524080D04002D8D56 /* NetworkManager.swift */ = {isa = PBXFileReference; lastKnownFileType = sourcecode.swift; path = NetworkManager.swift; sourceTree = "<group>"; };
		8D94AFB724080D67002D8D56 /* NetworkResponse.swift */ = {isa = PBXFileReference; lastKnownFileType = sourcecode.swift; path = NetworkResponse.swift; sourceTree = "<group>"; };
		8D94AFB924080D8F002D8D56 /* EndPointType.swift */ = {isa = PBXFileReference; lastKnownFileType = sourcecode.swift; path = EndPointType.swift; sourceTree = "<group>"; };
		8D94AFBB24080E03002D8D56 /* NetworkSettingsManager.swift */ = {isa = PBXFileReference; lastKnownFileType = sourcecode.swift; path = NetworkSettingsManager.swift; sourceTree = "<group>"; };
		8D94AFBD24080E34002D8D56 /* Result.swift */ = {isa = PBXFileReference; lastKnownFileType = sourcecode.swift; path = Result.swift; sourceTree = "<group>"; };
		8D94AFC024080F28002D8D56 /* AuthEndPoint.swift */ = {isa = PBXFileReference; lastKnownFileType = sourcecode.swift; path = AuthEndPoint.swift; sourceTree = "<group>"; };
		8D94AFC52408139E002D8D56 /* Configuration.swift */ = {isa = PBXFileReference; lastKnownFileType = sourcecode.swift; path = Configuration.swift; sourceTree = "<group>"; };
		8D94AFC724081B9C002D8D56 /* Validator.swift */ = {isa = PBXFileReference; lastKnownFileType = sourcecode.swift; path = Validator.swift; sourceTree = "<group>"; };
		8DD4E99B24094C9200D749AD /* TodoItemProtocols.swift */ = {isa = PBXFileReference; lastKnownFileType = sourcecode.swift; path = TodoItemProtocols.swift; sourceTree = "<group>"; };
		8DD4E99D24094F5500D749AD /* TodoItemInteractor.swift */ = {isa = PBXFileReference; lastKnownFileType = sourcecode.swift; path = TodoItemInteractor.swift; sourceTree = "<group>"; };
		8DD4E99F240952CF00D749AD /* TodoItemPresenter.swift */ = {isa = PBXFileReference; lastKnownFileType = sourcecode.swift; path = TodoItemPresenter.swift; sourceTree = "<group>"; };
		8DD4E9A1240954EE00D749AD /* TodoItemViewController.swift */ = {isa = PBXFileReference; lastKnownFileType = sourcecode.swift; path = TodoItemViewController.swift; sourceTree = "<group>"; };
		8DD4E9A3240958AB00D749AD /* TodoItemRouter.swift */ = {isa = PBXFileReference; lastKnownFileType = sourcecode.swift; path = TodoItemRouter.swift; sourceTree = "<group>"; };
		8DF09830240A31B000295C4D /* TDTextView.swift */ = {isa = PBXFileReference; lastKnownFileType = sourcecode.swift; path = TDTextView.swift; sourceTree = "<group>"; };
		8DF09832240ABBE000295C4D /* UITextView+Extensions.swift */ = {isa = PBXFileReference; lastKnownFileType = sourcecode.swift; path = "UITextView+Extensions.swift"; sourceTree = "<group>"; };
		8DF09834240ACA0400295C4D /* NotificationName.swift */ = {isa = PBXFileReference; lastKnownFileType = sourcecode.swift; path = NotificationName.swift; sourceTree = "<group>"; };
		8DF0983C240B791700295C4D /* SettingsProtocols.swift */ = {isa = PBXFileReference; lastKnownFileType = sourcecode.swift; path = SettingsProtocols.swift; sourceTree = "<group>"; };
		8DF0983F240B7A4000295C4D /* SettingsViewController.swift */ = {isa = PBXFileReference; lastKnownFileType = sourcecode.swift; path = SettingsViewController.swift; sourceTree = "<group>"; };
		8DF09841240B7B5400295C4D /* SettingsRouter.swift */ = {isa = PBXFileReference; lastKnownFileType = sourcecode.swift; path = SettingsRouter.swift; sourceTree = "<group>"; };
		8DF09843240B7BBB00295C4D /* SettingsPresenter.swift */ = {isa = PBXFileReference; lastKnownFileType = sourcecode.swift; path = SettingsPresenter.swift; sourceTree = "<group>"; };
		8DF09845240B7C4200295C4D /* SettingsInteractor.swift */ = {isa = PBXFileReference; lastKnownFileType = sourcecode.swift; path = SettingsInteractor.swift; sourceTree = "<group>"; };
		8DF09848240B834C00295C4D /* LogoutCell.swift */ = {isa = PBXFileReference; lastKnownFileType = sourcecode.swift; path = LogoutCell.swift; sourceTree = "<group>"; };
		8DF09849240B834C00295C4D /* LogoutCell.xib */ = {isa = PBXFileReference; lastKnownFileType = file.xib; path = LogoutCell.xib; sourceTree = "<group>"; };
		8DF09854240B8BBA00295C4D /* SortTypeValue.swift */ = {isa = PBXFileReference; lastKnownFileType = sourcecode.swift; path = SortTypeValue.swift; sourceTree = "<group>"; };
		8DF09858240BA7C500295C4D /* SettingsWorkerProtocols.swift */ = {isa = PBXFileReference; lastKnownFileType = sourcecode.swift; path = SettingsWorkerProtocols.swift; sourceTree = "<group>"; };
		8DF0985A240BA8A300295C4D /* SettingsWorker.swift */ = {isa = PBXFileReference; lastKnownFileType = sourcecode.swift; path = SettingsWorker.swift; sourceTree = "<group>"; };
		8DF09862240BE7CE00295C4D /* SortingScreenProtocols.swift */ = {isa = PBXFileReference; lastKnownFileType = sourcecode.swift; path = SortingScreenProtocols.swift; sourceTree = "<group>"; };
		8DF09863240BE8C300295C4D /* SortingScreenViewController.swift */ = {isa = PBXFileReference; lastKnownFileType = sourcecode.swift; path = SortingScreenViewController.swift; sourceTree = "<group>"; };
		8DF09866240BE97500295C4D /* SortingScreenPresenter.swift */ = {isa = PBXFileReference; lastKnownFileType = sourcecode.swift; path = SortingScreenPresenter.swift; sourceTree = "<group>"; };
		8DF09868240BE9A600295C4D /* SortingScreenInteractor.swift */ = {isa = PBXFileReference; lastKnownFileType = sourcecode.swift; path = SortingScreenInteractor.swift; sourceTree = "<group>"; };
		8DF0986A240BEA5C00295C4D /* SortTypeKey.swift */ = {isa = PBXFileReference; lastKnownFileType = sourcecode.swift; path = SortTypeKey.swift; sourceTree = "<group>"; };
		8DF0986D240BEB5C00295C4D /* SortObject.swift */ = {isa = PBXFileReference; lastKnownFileType = sourcecode.swift; path = SortObject.swift; sourceTree = "<group>"; };
		8DF0986F240BF24200295C4D /* SortingScreenRouter.swift */ = {isa = PBXFileReference; lastKnownFileType = sourcecode.swift; path = SortingScreenRouter.swift; sourceTree = "<group>"; };
		8DF09872240BF32C00295C4D /* SelectField.swift */ = {isa = PBXFileReference; lastKnownFileType = sourcecode.swift; path = SelectField.swift; sourceTree = "<group>"; };
		8DF09875240BF35B00295C4D /* SelectPicker.swift */ = {isa = PBXFileReference; lastKnownFileType = sourcecode.swift; path = SelectPicker.swift; sourceTree = "<group>"; };
		CE466D07816827E3551FEED1 /* Pods-TodoViperApp.debug.xcconfig */ = {isa = PBXFileReference; includeInIndex = 1; lastKnownFileType = text.xcconfig; name = "Pods-TodoViperApp.debug.xcconfig"; path = "Target Support Files/Pods-TodoViperApp/Pods-TodoViperApp.debug.xcconfig"; sourceTree = "<group>"; };
		DFA840A8E66164B11F5BBC57 /* Pods-TodoViperApp.release.xcconfig */ = {isa = PBXFileReference; includeInIndex = 1; lastKnownFileType = text.xcconfig; name = "Pods-TodoViperApp.release.xcconfig"; path = "Target Support Files/Pods-TodoViperApp/Pods-TodoViperApp.release.xcconfig"; sourceTree = "<group>"; };
/* End PBXFileReference section */

/* Begin PBXFrameworksBuildPhase section */
		8D94AF452407A5B0002D8D56 /* Frameworks */ = {
			isa = PBXFrameworksBuildPhase;
			buildActionMask = 2147483647;
			files = (
				A5CBB68F18AB06609CDF154D /* Pods_TodoViperApp.framework in Frameworks */,
			);
			runOnlyForDeploymentPostprocessing = 0;
		};
/* End PBXFrameworksBuildPhase section */

/* Begin PBXGroup section */
		65F1241C5C26E1AD4457CA5D /* Pods */ = {
			isa = PBXGroup;
			children = (
				CE466D07816827E3551FEED1 /* Pods-TodoViperApp.debug.xcconfig */,
				DFA840A8E66164B11F5BBC57 /* Pods-TodoViperApp.release.xcconfig */,
			);
			path = Pods;
			sourceTree = "<group>";
		};
		8D10D4562408F46400BEA473 /* TodoList */ = {
			isa = PBXGroup;
			children = (
				8D10D4592408F47500BEA473 /* Interactor */,
				8D10D45A2408F47500BEA473 /* Presenter */,
				8D10D45B2408F47500BEA473 /* Protocols */,
				8D10D4572408F47500BEA473 /* Router */,
				8D10D4582408F47500BEA473 /* View */,
			);
			path = TodoList;
			sourceTree = "<group>";
		};
		8D10D4572408F47500BEA473 /* Router */ = {
			isa = PBXGroup;
			children = (
				8D10D45F2408F48A00BEA473 /* TodoListRouter.swift */,
			);
			path = Router;
			sourceTree = "<group>";
		};
		8D10D4582408F47500BEA473 /* View */ = {
			isa = PBXGroup;
			children = (
				8D10D4602408F48E00BEA473 /* TodoListViewController.swift */,
			);
			path = View;
			sourceTree = "<group>";
		};
		8D10D4592408F47500BEA473 /* Interactor */ = {
			isa = PBXGroup;
			children = (
				8D10D45C2408F47C00BEA473 /* TodoListInteractor.swift */,
			);
			path = Interactor;
			sourceTree = "<group>";
		};
		8D10D45A2408F47500BEA473 /* Presenter */ = {
			isa = PBXGroup;
			children = (
				8D10D45D2408F48300BEA473 /* TodoListPresenter.swift */,
			);
			path = Presenter;
			sourceTree = "<group>";
		};
		8D10D45B2408F47500BEA473 /* Protocols */ = {
			isa = PBXGroup;
			children = (
				8D10D45E2408F48600BEA473 /* TodoListProtocols.swift */,
			);
			path = Protocols;
			sourceTree = "<group>";
		};
		8D10D46A2408FD6000BEA473 /* Workers */ = {
			isa = PBXGroup;
			children = (
				8DF09857240BA7B200295C4D /* SettingsWorker */,
				8DF09856240BA7AA00295C4D /* TasksWorker */,
			);
			path = Workers;
			sourceTree = "<group>";
		};
		8D10D476240923BC00BEA473 /* Cells */ = {
			isa = PBXGroup;
			children = (
				8DF09847240B832800295C4D /* LogoutCell */,
				8D10D47F240932D100BEA473 /* TodoCell */,
			);
			path = Cells;
			sourceTree = "<group>";
		};
		8D10D47F240932D100BEA473 /* TodoCell */ = {
			isa = PBXGroup;
			children = (
				8D10D477240923D700BEA473 /* TodoCell.swift */,
				8D10D478240923D700BEA473 /* TodoCell.xib */,
			);
			path = TodoCell;
			sourceTree = "<group>";
		};
		8D18E67A24083B80005C75B8 /* SignUp */ = {
			isa = PBXGroup;
			children = (
				8D18E68424083BA0005C75B8 /* Interactor */,
				8D18E68524083BA0005C75B8 /* Presenter */,
				8D18E68324083BA0005C75B8 /* Protocols */,
				8D18E68224083BA0005C75B8 /* Router */,
				8D18E68124083BA0005C75B8 /* View */,
			);
			path = SignUp;
			sourceTree = "<group>";
		};
		8D18E68124083BA0005C75B8 /* View */ = {
			isa = PBXGroup;
			children = (
				8D18E68A24083BB9005C75B8 /* SignUpViewController.swift */,
			);
			path = View;
			sourceTree = "<group>";
		};
		8D18E68224083BA0005C75B8 /* Router */ = {
			isa = PBXGroup;
			children = (
				8D18E68924083BB5005C75B8 /* SignUpRouter.swift */,
			);
			path = Router;
			sourceTree = "<group>";
		};
		8D18E68324083BA0005C75B8 /* Protocols */ = {
			isa = PBXGroup;
			children = (
				8D18E68824083BB1005C75B8 /* SignUpProtocols.swift */,
			);
			path = Protocols;
			sourceTree = "<group>";
		};
		8D18E68424083BA0005C75B8 /* Interactor */ = {
			isa = PBXGroup;
			children = (
				8D18E68624083BA7005C75B8 /* SignUpInteractor.swift */,
			);
			path = Interactor;
			sourceTree = "<group>";
		};
		8D18E68524083BA0005C75B8 /* Presenter */ = {
			isa = PBXGroup;
			children = (
				8D18E68724083BAC005C75B8 /* SignUpPresenter.swift */,
			);
			path = Presenter;
			sourceTree = "<group>";
		};
		8D94AF3F2407A5B0002D8D56 = {
			isa = PBXGroup;
			children = (
				8D94AF4A2407A5B0002D8D56 /* TodoViperApp */,
				8D94AF492407A5B0002D8D56 /* Products */,
				65F1241C5C26E1AD4457CA5D /* Pods */,
				C08E65B817772E886775E463 /* Frameworks */,
			);
			sourceTree = "<group>";
		};
		8D94AF492407A5B0002D8D56 /* Products */ = {
			isa = PBXGroup;
			children = (
				8D94AF482407A5B0002D8D56 /* TodoViperApp.app */,
			);
			name = Products;
			sourceTree = "<group>";
		};
		8D94AF4A2407A5B0002D8D56 /* TodoViperApp */ = {
			isa = PBXGroup;
			children = (
				8D94AF6B2407BB36002D8D56 /* Library */,
				8D94AF662407B61C002D8D56 /* Services */,
				8D94AF652407B608002D8D56 /* UserStories */,
				8D94AF642407B5EA002D8D56 /* Entities */,
				8D94AF632407B5E0002D8D56 /* Extenstions */,
				8D94AF672407B622002D8D56 /* Resources */,
				8D94AF622407B5CE002D8D56 /* Application */,
				8D94AF542407A5B2002D8D56 /* Assets.xcassets */,
			);
			path = TodoViperApp;
			sourceTree = "<group>";
		};
		8D94AF622407B5CE002D8D56 /* Application */ = {
			isa = PBXGroup;
			children = (
				8D94AF682407B812002D8D56 /* BundleFiles */,
				8D94AF4B2407A5B0002D8D56 /* AppDelegate.swift */,
			);
			path = Application;
			sourceTree = "<group>";
		};
		8D94AF632407B5E0002D8D56 /* Extenstions */ = {
			isa = PBXGroup;
			children = (
				8D94AF962407E062002D8D56 /* UITextField+Extensions.swift */,
				8D94AFB124080458002D8D56 /* String+Extension.swift */,
				8D10D47D2409322D00BEA473 /* Date+Extensions.swift */,
				8DF09832240ABBE000295C4D /* UITextView+Extensions.swift */,
			);
			path = Extenstions;
			sourceTree = "<group>";
		};
		8D94AF642407B5EA002D8D56 /* Entities */ = {
			isa = PBXGroup;
			children = (
				8D10D4662408FB3700BEA473 /* Todo.swift */,
				8D10D4682408FCCC00BEA473 /* TodosPage.swift */,
				8DF09854240B8BBA00295C4D /* SortTypeValue.swift */,
				8DF0986A240BEA5C00295C4D /* SortTypeKey.swift */,
				8DF0986D240BEB5C00295C4D /* SortObject.swift */,
			);
			path = Entities;
			sourceTree = "<group>";
		};
		8D94AF652407B608002D8D56 /* UserStories */ = {
			isa = PBXGroup;
			children = (
				8DF0985C240BE7A400295C4D /* SortingScreen */,
				8DF09836240B790000295C4D /* Settings */,
				8DD4E99524094C6F00D749AD /* TodoItem */,
				8D10D4562408F46400BEA473 /* TodoList */,
				8D18E67A24083B80005C75B8 /* SignUp */,
				8D94AF822407C6A9002D8D56 /* Login */,
			);
			path = UserStories;
			sourceTree = "<group>";
		};
		8D94AF662407B61C002D8D56 /* Services */ = {
			isa = PBXGroup;
			children = (
				8D10D46A2408FD6000BEA473 /* Workers */,
				8D94AF922407DA8A002D8D56 /* Networking */,
				8D94AF6C2407BF1C002D8D56 /* AppRouter.swift */,
				8D94AF702407BFD5002D8D56 /* Colors.swift */,
				8D94AF7E2407C3DC002D8D56 /* Localizable.swift */,
				8D10D4742409229D00BEA473 /* CellName.swift */,
				8DF09834240ACA0400295C4D /* NotificationName.swift */,
			);
			path = Services;
			sourceTree = "<group>";
		};
		8D94AF672407B622002D8D56 /* Resources */ = {
			isa = PBXGroup;
			children = (
				8D94AFC42408138E002D8D56 /* Configurations */,
				8D94AF7D2407C396002D8D56 /* Translations */,
			);
			path = Resources;
			sourceTree = "<group>";
		};
		8D94AF682407B812002D8D56 /* BundleFiles */ = {
			isa = PBXGroup;
			children = (
				8D94AF592407A5B2002D8D56 /* Info.plist */,
				8D94AF692407B842002D8D56 /* Configuration.plist */,
			);
			path = BundleFiles;
			sourceTree = "<group>";
		};
		8D94AF6B2407BB36002D8D56 /* Library */ = {
			isa = PBXGroup;
			children = (
				8D94AF8C2407D661002D8D56 /* UIElements */,
				8D94AF562407A5B2002D8D56 /* LaunchScreen.storyboard */,
				8D94AF4F2407A5B0002D8D56 /* BaseController.swift */,
				8D94AFC724081B9C002D8D56 /* Validator.swift */,
			);
			path = Library;
			sourceTree = "<group>";
		};
		8D94AF7D2407C396002D8D56 /* Translations */ = {
			isa = PBXGroup;
			children = (
				8D94AF7B2407C36A002D8D56 /* Localizable.strings */,
			);
			path = Translations;
			sourceTree = "<group>";
		};
		8D94AF822407C6A9002D8D56 /* Login */ = {
			isa = PBXGroup;
			children = (
				8D94AF832407C6C1002D8D56 /* Interactor */,
				8D94AF842407C6C8002D8D56 /* Presenter */,
				8D94AF852407C6CF002D8D56 /* Protocols */,
				8D94AF862407C6D6002D8D56 /* Router */,
				8D94AF872407C6DC002D8D56 /* View */,
			);
			path = Login;
			sourceTree = "<group>";
		};
		8D94AF832407C6C1002D8D56 /* Interactor */ = {
			isa = PBXGroup;
			children = (
				8D94AFA02407F6B3002D8D56 /* LoginInteractor.swift */,
			);
			path = Interactor;
			sourceTree = "<group>";
		};
		8D94AF842407C6C8002D8D56 /* Presenter */ = {
			isa = PBXGroup;
			children = (
				8D94AF9A2407EFE1002D8D56 /* LoginPresenter.swift */,
			);
			path = Presenter;
			sourceTree = "<group>";
		};
		8D94AF852407C6CF002D8D56 /* Protocols */ = {
			isa = PBXGroup;
			children = (
				8D94AF882407C725002D8D56 /* LoginProtocols.swift */,
			);
			path = Protocols;
			sourceTree = "<group>";
		};
		8D94AF862407C6D6002D8D56 /* Router */ = {
			isa = PBXGroup;
			children = (
				8D94AF9E2407F58B002D8D56 /* LoginRouter.swift */,
			);
			path = Router;
			sourceTree = "<group>";
		};
		8D94AF872407C6DC002D8D56 /* View */ = {
			isa = PBXGroup;
			children = (
				8D94AF8A2407D546002D8D56 /* LoginViewController.swift */,
			);
			path = View;
			sourceTree = "<group>";
		};
		8D94AF8C2407D661002D8D56 /* UIElements */ = {
			isa = PBXGroup;
			children = (
				8DF09871240BF32000295C4D /* SelectField */,
				8D10D476240923BC00BEA473 /* Cells */,
				8D94AF8D2407D67D002D8D56 /* TDField.swift */,
				8D94AF982407E2B9002D8D56 /* TDButton.swift */,
				8DF09830240A31B000295C4D /* TDTextView.swift */,
			);
			path = UIElements;
			sourceTree = "<group>";
		};
		8D94AF922407DA8A002D8D56 /* Networking */ = {
			isa = PBXGroup;
			children = (
				8D94AFBF24080F1C002D8D56 /* Endpoints */,
				8D94AF932407DA99002D8D56 /* Responses */,
				8D94AFB524080D04002D8D56 /* NetworkManager.swift */,
				8D94AFB924080D8F002D8D56 /* EndPointType.swift */,
				8D94AFBB24080E03002D8D56 /* NetworkSettingsManager.swift */,
				8D94AFBD24080E34002D8D56 /* Result.swift */,
				8D94AF8F2407D961002D8D56 /* AuthManager.swift */,
			);
			path = Networking;
			sourceTree = "<group>";
		};
		8D94AF932407DA99002D8D56 /* Responses */ = {
			isa = PBXGroup;
			children = (
				8D94AF942407DAB3002D8D56 /* AuthResponse.swift */,
				8D94AFB724080D67002D8D56 /* NetworkResponse.swift */,
			);
			path = Responses;
			sourceTree = "<group>";
		};
		8D94AFBF24080F1C002D8D56 /* Endpoints */ = {
			isa = PBXGroup;
			children = (
				8D94AFC024080F28002D8D56 /* AuthEndPoint.swift */,
				8D10D4722409037100BEA473 /* TodosEndpoint.swift */,
			);
			path = Endpoints;
			sourceTree = "<group>";
		};
		8D94AFC42408138E002D8D56 /* Configurations */ = {
			isa = PBXGroup;
			children = (
				8D94AFC52408139E002D8D56 /* Configuration.swift */,
			);
			path = Configurations;
			sourceTree = "<group>";
		};
		8DD4E99524094C6F00D749AD /* TodoItem */ = {
			isa = PBXGroup;
			children = (
				8DD4E99624094C7D00D749AD /* Interactor */,
				8DD4E99724094C7D00D749AD /* Presenter */,
				8DD4E99924094C7D00D749AD /* Protocols */,
				8DD4E99824094C7D00D749AD /* Router */,
				8DD4E99A24094C7D00D749AD /* View */,
			);
			path = TodoItem;
			sourceTree = "<group>";
		};
		8DD4E99624094C7D00D749AD /* Interactor */ = {
			isa = PBXGroup;
			children = (
				8DD4E99D24094F5500D749AD /* TodoItemInteractor.swift */,
			);
			path = Interactor;
			sourceTree = "<group>";
		};
		8DD4E99724094C7D00D749AD /* Presenter */ = {
			isa = PBXGroup;
			children = (
				8DD4E99F240952CF00D749AD /* TodoItemPresenter.swift */,
			);
			path = Presenter;
			sourceTree = "<group>";
		};
		8DD4E99824094C7D00D749AD /* Router */ = {
			isa = PBXGroup;
			children = (
				8DD4E9A3240958AB00D749AD /* TodoItemRouter.swift */,
			);
			path = Router;
			sourceTree = "<group>";
		};
		8DD4E99924094C7D00D749AD /* Protocols */ = {
			isa = PBXGroup;
			children = (
				8DD4E99B24094C9200D749AD /* TodoItemProtocols.swift */,
			);
			path = Protocols;
			sourceTree = "<group>";
		};
		8DD4E99A24094C7D00D749AD /* View */ = {
			isa = PBXGroup;
			children = (
				8DD4E9A1240954EE00D749AD /* TodoItemViewController.swift */,
			);
			path = View;
			sourceTree = "<group>";
		};
		8DF09836240B790000295C4D /* Settings */ = {
			isa = PBXGroup;
			children = (
				8DF0983B240B790C00295C4D /* Interactor */,
				8DF09839240B790C00295C4D /* Presenter */,
				8DF0983A240B790C00295C4D /* Protocols */,
				8DF09837240B790B00295C4D /* Router */,
				8DF09838240B790B00295C4D /* View */,
			);
			path = Settings;
			sourceTree = "<group>";
		};
		8DF09837240B790B00295C4D /* Router */ = {
			isa = PBXGroup;
			children = (
				8DF09841240B7B5400295C4D /* SettingsRouter.swift */,
			);
			path = Router;
			sourceTree = "<group>";
		};
		8DF09838240B790B00295C4D /* View */ = {
			isa = PBXGroup;
			children = (
				8DF0983F240B7A4000295C4D /* SettingsViewController.swift */,
			);
			path = View;
			sourceTree = "<group>";
		};
		8DF09839240B790C00295C4D /* Presenter */ = {
			isa = PBXGroup;
			children = (
				8DF09843240B7BBB00295C4D /* SettingsPresenter.swift */,
			);
			path = Presenter;
			sourceTree = "<group>";
		};
		8DF0983A240B790C00295C4D /* Protocols */ = {
			isa = PBXGroup;
			children = (
				8DF0983C240B791700295C4D /* SettingsProtocols.swift */,
			);
			path = Protocols;
			sourceTree = "<group>";
		};
		8DF0983B240B790C00295C4D /* Interactor */ = {
			isa = PBXGroup;
			children = (
				8DF09845240B7C4200295C4D /* SettingsInteractor.swift */,
			);
			path = Interactor;
			sourceTree = "<group>";
		};
		8DF09847240B832800295C4D /* LogoutCell */ = {
			isa = PBXGroup;
			children = (
				8DF09848240B834C00295C4D /* LogoutCell.swift */,
				8DF09849240B834C00295C4D /* LogoutCell.xib */,
			);
			path = LogoutCell;
			sourceTree = "<group>";
		};
		8DF09856240BA7AA00295C4D /* TasksWorker */ = {
			isa = PBXGroup;
			children = (
				8D10D46D2408FD9F00BEA473 /* TasksWorker.swift */,
				8D10D46F2408FDB900BEA473 /* TasksWorkerProtocols.swift */,
			);
			path = TasksWorker;
			sourceTree = "<group>";
		};
		8DF09857240BA7B200295C4D /* SettingsWorker */ = {
			isa = PBXGroup;
			children = (
				8DF09858240BA7C500295C4D /* SettingsWorkerProtocols.swift */,
				8DF0985A240BA8A300295C4D /* SettingsWorker.swift */,
			);
			path = SettingsWorker;
			sourceTree = "<group>";
		};
		8DF0985C240BE7A400295C4D /* SortingScreen */ = {
			isa = PBXGroup;
			children = (
				8DF0985D240BE7C900295C4D /* Interactor */,
				8DF0985E240BE7C900295C4D /* Presenter */,
				8DF0985F240BE7C900295C4D /* Protocols */,
				8DF09860240BE7C900295C4D /* Router */,
				8DF09861240BE7C900295C4D /* View */,
			);
			path = SortingScreen;
			sourceTree = "<group>";
		};
		8DF0985D240BE7C900295C4D /* Interactor */ = {
			isa = PBXGroup;
			children = (
				8DF09868240BE9A600295C4D /* SortingScreenInteractor.swift */,
			);
			path = Interactor;
			sourceTree = "<group>";
		};
		8DF0985E240BE7C900295C4D /* Presenter */ = {
			isa = PBXGroup;
			children = (
				8DF09866240BE97500295C4D /* SortingScreenPresenter.swift */,
			);
			path = Presenter;
			sourceTree = "<group>";
		};
		8DF0985F240BE7C900295C4D /* Protocols */ = {
			isa = PBXGroup;
			children = (
				8DF09862240BE7CE00295C4D /* SortingScreenProtocols.swift */,
			);
			path = Protocols;
			sourceTree = "<group>";
		};
		8DF09860240BE7C900295C4D /* Router */ = {
			isa = PBXGroup;
			children = (
				8DF0986F240BF24200295C4D /* SortingScreenRouter.swift */,
			);
			path = Router;
			sourceTree = "<group>";
		};
		8DF09861240BE7C900295C4D /* View */ = {
			isa = PBXGroup;
			children = (
				8DF09863240BE8C300295C4D /* SortingScreenViewController.swift */,
			);
			path = View;
			sourceTree = "<group>";
		};
		8DF09871240BF32000295C4D /* SelectField */ = {
			isa = PBXGroup;
			children = (
				8DF09872240BF32C00295C4D /* SelectField.swift */,
				8DF09875240BF35B00295C4D /* SelectPicker.swift */,
			);
			path = SelectField;
			sourceTree = "<group>";
		};
		C08E65B817772E886775E463 /* Frameworks */ = {
			isa = PBXGroup;
			children = (
				25C5ED65DE469B70763EFE72 /* Pods_TodoViperApp.framework */,
			);
			name = Frameworks;
			sourceTree = "<group>";
		};
/* End PBXGroup section */

/* Begin PBXNativeTarget section */
		8D94AF472407A5B0002D8D56 /* TodoViperApp */ = {
			isa = PBXNativeTarget;
			buildConfigurationList = 8D94AF5C2407A5B2002D8D56 /* Build configuration list for PBXNativeTarget "TodoViperApp" */;
			buildPhases = (
				78D012F101DC2FAC969B5675 /* [CP] Check Pods Manifest.lock */,
				8D94AF442407A5B0002D8D56 /* Sources */,
				8D94AF452407A5B0002D8D56 /* Frameworks */,
				8D94AF462407A5B0002D8D56 /* Resources */,
				1E83AE388989ECFA256CFC26 /* [CP] Embed Pods Frameworks */,
				8D94AF5F2407B010002D8D56 /* ShellScript */,
			);
			buildRules = (
			);
			dependencies = (
			);
			name = TodoViperApp;
			productName = TodoViperApp;
			productReference = 8D94AF482407A5B0002D8D56 /* TodoViperApp.app */;
			productType = "com.apple.product-type.application";
		};
/* End PBXNativeTarget section */

/* Begin PBXProject section */
		8D94AF402407A5B0002D8D56 /* Project object */ = {
			isa = PBXProject;
			attributes = {
				LastSwiftUpdateCheck = 1120;
				LastUpgradeCheck = 1120;
				ORGANIZATIONNAME = AlexAlmostEngineer;
				TargetAttributes = {
					8D94AF472407A5B0002D8D56 = {
						CreatedOnToolsVersion = 11.2.1;
					};
				};
			};
			buildConfigurationList = 8D94AF432407A5B0002D8D56 /* Build configuration list for PBXProject "TodoViperApp" */;
			compatibilityVersion = "Xcode 9.3";
			developmentRegion = en;
			hasScannedForEncodings = 0;
			knownRegions = (
				en,
				Base,
				"en-GB",
			);
			mainGroup = 8D94AF3F2407A5B0002D8D56;
			productRefGroup = 8D94AF492407A5B0002D8D56 /* Products */;
			projectDirPath = "";
			projectRoot = "";
			targets = (
				8D94AF472407A5B0002D8D56 /* TodoViperApp */,
			);
		};
/* End PBXProject section */

/* Begin PBXResourcesBuildPhase section */
		8D94AF462407A5B0002D8D56 /* Resources */ = {
			isa = PBXResourcesBuildPhase;
			buildActionMask = 2147483647;
			files = (
				8D94AF6A2407B842002D8D56 /* Configuration.plist in Resources */,
				8D94AF792407C36A002D8D56 /* Localizable.strings in Resources */,
				8D94AF582407A5B2002D8D56 /* LaunchScreen.storyboard in Resources */,
				8D10D47A240923D700BEA473 /* TodoCell.xib in Resources */,
				8D94AF552407A5B2002D8D56 /* Assets.xcassets in Resources */,
				8DF0984B240B834C00295C4D /* LogoutCell.xib in Resources */,
			);
			runOnlyForDeploymentPostprocessing = 0;
		};
/* End PBXResourcesBuildPhase section */

/* Begin PBXShellScriptBuildPhase section */
		1E83AE388989ECFA256CFC26 /* [CP] Embed Pods Frameworks */ = {
			isa = PBXShellScriptBuildPhase;
			buildActionMask = 2147483647;
			files = (
			);
			inputFileListPaths = (
				"${PODS_ROOT}/Target Support Files/Pods-TodoViperApp/Pods-TodoViperApp-frameworks-${CONFIGURATION}-input-files.xcfilelist",
			);
			name = "[CP] Embed Pods Frameworks";
			outputFileListPaths = (
				"${PODS_ROOT}/Target Support Files/Pods-TodoViperApp/Pods-TodoViperApp-frameworks-${CONFIGURATION}-output-files.xcfilelist",
			);
			runOnlyForDeploymentPostprocessing = 0;
			shellPath = /bin/sh;
			shellScript = "\"${PODS_ROOT}/Target Support Files/Pods-TodoViperApp/Pods-TodoViperApp-frameworks.sh\"\n";
			showEnvVarsInLog = 0;
		};
		78D012F101DC2FAC969B5675 /* [CP] Check Pods Manifest.lock */ = {
			isa = PBXShellScriptBuildPhase;
			buildActionMask = 2147483647;
			files = (
			);
			inputFileListPaths = (
			);
			inputPaths = (
				"${PODS_PODFILE_DIR_PATH}/Podfile.lock",
				"${PODS_ROOT}/Manifest.lock",
			);
			name = "[CP] Check Pods Manifest.lock";
			outputFileListPaths = (
			);
			outputPaths = (
				"$(DERIVED_FILE_DIR)/Pods-TodoViperApp-checkManifestLockResult.txt",
			);
			runOnlyForDeploymentPostprocessing = 0;
			shellPath = /bin/sh;
			shellScript = "diff \"${PODS_PODFILE_DIR_PATH}/Podfile.lock\" \"${PODS_ROOT}/Manifest.lock\" > /dev/null\nif [ $? != 0 ] ; then\n    # print error to STDERR\n    echo \"error: The sandbox is not in sync with the Podfile.lock. Run 'pod install' or update your CocoaPods installation.\" >&2\n    exit 1\nfi\n# This output is used by Xcode 'outputs' to avoid re-running this script phase.\necho \"SUCCESS\" > \"${SCRIPT_OUTPUT_FILE_0}\"\n";
			showEnvVarsInLog = 0;
		};
		8D94AF5F2407B010002D8D56 /* ShellScript */ = {
			isa = PBXShellScriptBuildPhase;
			buildActionMask = 2147483647;
			files = (
			);
			inputFileListPaths = (
			);
			inputPaths = (
			);
			outputFileListPaths = (
			);
			outputPaths = (
			);
			runOnlyForDeploymentPostprocessing = 0;
			shellPath = /bin/sh;
			shellScript = "if which swiftlint >/dev/null; then\n  swiftlint\nelse\n  echo \"warning: SwiftLint not installed, download from https://github.com/realm/SwiftLint\"\nfi\n";
		};
/* End PBXShellScriptBuildPhase section */

/* Begin PBXSourcesBuildPhase section */
		8D94AF442407A5B0002D8D56 /* Sources */ = {
			isa = PBXSourcesBuildPhase;
			buildActionMask = 2147483647;
			files = (
				8DC395DB240845E100FFBFAC /* SignUpInteractor.swift in Sources */,
				8D10D4622408F49500BEA473 /* TodoListPresenter.swift in Sources */,
				8D94AF7F2407C3DC002D8D56 /* Localizable.swift in Sources */,
				8D10D4732409037100BEA473 /* TodosEndpoint.swift in Sources */,
				8DF09864240BE8E500295C4D /* SortingScreenProtocols.swift in Sources */,
				8DF0985B240BA8A300295C4D /* SettingsWorker.swift in Sources */,
				8D10D479240923D700BEA473 /* TodoCell.swift in Sources */,
				8DF0984A240B834C00295C4D /* LogoutCell.swift in Sources */,
				8D94AF892407C725002D8D56 /* LoginProtocols.swift in Sources */,
				8D94AFC124080F28002D8D56 /* AuthEndPoint.swift in Sources */,
				8D94AF9B2407EFE1002D8D56 /* LoginPresenter.swift in Sources */,
				8DF09876240BF35B00295C4D /* SelectPicker.swift in Sources */,
				8DF09833240ABBE000295C4D /* UITextView+Extensions.swift in Sources */,
				8D94AFBA24080D8F002D8D56 /* EndPointType.swift in Sources */,
				8DF09842240B7B7A00295C4D /* SettingsRouter.swift in Sources */,
				8DC395DA240845DE00FFBFAC /* SignUpRouter.swift in Sources */,
				8DF09870240BF24400295C4D /* SortingScreenRouter.swift in Sources */,
				8DD4E9A4240958AE00D749AD /* TodoItemRouter.swift in Sources */,
				8DC395DD240845EA00FFBFAC /* SignUpProtocols.swift in Sources */,
				8DD4E99E24094F8900D749AD /* TodoItemInteractor.swift in Sources */,
				8DD4E9A0240952D200D749AD /* TodoItemPresenter.swift in Sources */,
				8D94AFA12407F6B3002D8D56 /* LoginInteractor.swift in Sources */,
				8D94AF992407E2B9002D8D56 /* TDButton.swift in Sources */,
				8D10D4632408F49500BEA473 /* TodoListProtocols.swift in Sources */,
				8D10D4672408FB3700BEA473 /* Todo.swift in Sources */,
				8DC395DC240845E800FFBFAC /* SignUpPresenter.swift in Sources */,
				8DD4E99C24094C9200D749AD /* TodoItemProtocols.swift in Sources */,
				8D94AFB824080D67002D8D56 /* NetworkResponse.swift in Sources */,
				8D94AF712407BFD5002D8D56 /* Colors.swift in Sources */,
				8DF09840240B7A5700295C4D /* SettingsViewController.swift in Sources */,
				8DF09865240BE8E700295C4D /* SortingScreenViewController.swift in Sources */,
				8DF09835240ACA0400295C4D /* NotificationName.swift in Sources */,
				8D94AF8B2407D546002D8D56 /* LoginViewController.swift in Sources */,
				8DF0986B240BEA5C00295C4D /* SortTypeKey.swift in Sources */,
				8DF09859240BA7E600295C4D /* SettingsWorkerProtocols.swift in Sources */,
				8DF09855240B8BBA00295C4D /* SortTypeValue.swift in Sources */,
				8D10D4752409229D00BEA473 /* CellName.swift in Sources */,
				8D10D46E2408FD9F00BEA473 /* TasksWorker.swift in Sources */,
				8D10D4692408FCCC00BEA473 /* TodosPage.swift in Sources */,
				8D94AF502407A5B0002D8D56 /* BaseController.swift in Sources */,
				8DF09867240BE99D00295C4D /* SortingScreenPresenter.swift in Sources */,
				8DF0983D240B792A00295C4D /* SettingsProtocols.swift in Sources */,
				8DF09873240BF32C00295C4D /* SelectField.swift in Sources */,
				8D94AFB224080458002D8D56 /* String+Extension.swift in Sources */,
				8DD4E9A22409552A00D749AD /* TodoItemViewController.swift in Sources */,
				8DC395DE240845EF00FFBFAC /* SignUpViewController.swift in Sources */,
				8D94AF9F2407F58B002D8D56 /* LoginRouter.swift in Sources */,
				8D94AFB624080D04002D8D56 /* NetworkManager.swift in Sources */,
				8D94AF8E2407D67D002D8D56 /* TDField.swift in Sources */,
				8DF09846240B7C6300295C4D /* SettingsInteractor.swift in Sources */,
				8D10D4652408F49500BEA473 /* TodoListViewController.swift in Sources */,
				8D94AF4C2407A5B0002D8D56 /* AppDelegate.swift in Sources */,
				8DF09831240A31B000295C4D /* TDTextView.swift in Sources */,
				8DF09844240B7BD000295C4D /* SettingsPresenter.swift in Sources */,
				8D94AFC824081B9C002D8D56 /* Validator.swift in Sources */,
				8DF09869240BE9AF00295C4D /* SortingScreenInteractor.swift in Sources */,
				8D94AF952407DAB3002D8D56 /* AuthResponse.swift in Sources */,
				8D94AF972407E062002D8D56 /* UITextField+Extensions.swift in Sources */,
				8DF0986E240BEB5C00295C4D /* SortObject.swift in Sources */,
				8D10D47E2409322D00BEA473 /* Date+Extensions.swift in Sources */,
				8D10D4702408FDB900BEA473 /* TasksWorkerProtocols.swift in Sources */,
				8D94AFBC24080E03002D8D56 /* NetworkSettingsManager.swift in Sources */,
				8D10D4642408F49500BEA473 /* TodoListRouter.swift in Sources */,
				8D94AFBE24080E34002D8D56 /* Result.swift in Sources */,
				8D94AFC62408139E002D8D56 /* Configuration.swift in Sources */,
				8D94AF6D2407BF1C002D8D56 /* AppRouter.swift in Sources */,
				8D10D4612408F49500BEA473 /* TodoListInteractor.swift in Sources */,
				8D94AF902407D961002D8D56 /* AuthManager.swift in Sources */,
			);
			runOnlyForDeploymentPostprocessing = 0;
		};
/* End PBXSourcesBuildPhase section */

/* Begin PBXVariantGroup section */
		8D94AF562407A5B2002D8D56 /* LaunchScreen.storyboard */ = {
			isa = PBXVariantGroup;
			children = (
				8D94AF572407A5B2002D8D56 /* Base */,
				8D94AF742407C2EF002D8D56 /* en-GB */,
				8D94AF762407C311002D8D56 /* en */,
			);
			name = LaunchScreen.storyboard;
			sourceTree = "<group>";
		};
		8D94AF7B2407C36A002D8D56 /* Localizable.strings */ = {
			isa = PBXVariantGroup;
			children = (
				8D94AF7A2407C36A002D8D56 /* en */,
				8D94AF7C2407C36F002D8D56 /* en-GB */,
			);
			name = Localizable.strings;
			sourceTree = "<group>";
		};
/* End PBXVariantGroup section */

/* Begin XCBuildConfiguration section */
		8D94AF5A2407A5B2002D8D56 /* Debug */ = {
			isa = XCBuildConfiguration;
			buildSettings = {
				ALWAYS_SEARCH_USER_PATHS = NO;
				CLANG_ANALYZER_LOCALIZABILITY_NONLOCALIZED = YES;
				CLANG_ANALYZER_NONNULL = YES;
				CLANG_ANALYZER_NUMBER_OBJECT_CONVERSION = YES_AGGRESSIVE;
				CLANG_CXX_LANGUAGE_STANDARD = "gnu++14";
				CLANG_CXX_LIBRARY = "libc++";
				CLANG_ENABLE_MODULES = YES;
				CLANG_ENABLE_OBJC_ARC = YES;
				CLANG_ENABLE_OBJC_WEAK = YES;
				CLANG_WARN_BLOCK_CAPTURE_AUTORELEASING = YES;
				CLANG_WARN_BOOL_CONVERSION = YES;
				CLANG_WARN_COMMA = YES;
				CLANG_WARN_CONSTANT_CONVERSION = YES;
				CLANG_WARN_DEPRECATED_OBJC_IMPLEMENTATIONS = YES;
				CLANG_WARN_DIRECT_OBJC_ISA_USAGE = YES_ERROR;
				CLANG_WARN_DOCUMENTATION_COMMENTS = YES;
				CLANG_WARN_EMPTY_BODY = YES;
				CLANG_WARN_ENUM_CONVERSION = YES;
				CLANG_WARN_INFINITE_RECURSION = YES;
				CLANG_WARN_INT_CONVERSION = YES;
				CLANG_WARN_NON_LITERAL_NULL_CONVERSION = YES;
				CLANG_WARN_OBJC_IMPLICIT_RETAIN_SELF = YES;
				CLANG_WARN_OBJC_LITERAL_CONVERSION = YES;
				CLANG_WARN_OBJC_ROOT_CLASS = YES_ERROR;
				CLANG_WARN_RANGE_LOOP_ANALYSIS = YES;
				CLANG_WARN_STRICT_PROTOTYPES = YES;
				CLANG_WARN_SUSPICIOUS_MOVE = YES;
				CLANG_WARN_UNGUARDED_AVAILABILITY = YES_AGGRESSIVE;
				CLANG_WARN_UNREACHABLE_CODE = YES;
				CLANG_WARN__DUPLICATE_METHOD_MATCH = YES;
				COPY_PHASE_STRIP = NO;
				DEBUG_INFORMATION_FORMAT = dwarf;
				ENABLE_STRICT_OBJC_MSGSEND = YES;
				ENABLE_TESTABILITY = YES;
				GCC_C_LANGUAGE_STANDARD = gnu11;
				GCC_DYNAMIC_NO_PIC = NO;
				GCC_NO_COMMON_BLOCKS = YES;
				GCC_OPTIMIZATION_LEVEL = 0;
				GCC_PREPROCESSOR_DEFINITIONS = (
					"DEBUG=1",
					"$(inherited)",
				);
				GCC_WARN_64_TO_32_BIT_CONVERSION = YES;
				GCC_WARN_ABOUT_RETURN_TYPE = YES_ERROR;
				GCC_WARN_UNDECLARED_SELECTOR = YES;
				GCC_WARN_UNINITIALIZED_AUTOS = YES_AGGRESSIVE;
				GCC_WARN_UNUSED_FUNCTION = YES;
				GCC_WARN_UNUSED_VARIABLE = YES;
				IPHONEOS_DEPLOYMENT_TARGET = 13.2;
				MTL_ENABLE_DEBUG_INFO = INCLUDE_SOURCE;
				MTL_FAST_MATH = YES;
				ONLY_ACTIVE_ARCH = YES;
				SDKROOT = iphoneos;
				SWIFT_ACTIVE_COMPILATION_CONDITIONS = DEBUG;
				SWIFT_OPTIMIZATION_LEVEL = "-Onone";
			};
			name = Debug;
		};
		8D94AF5B2407A5B2002D8D56 /* Release */ = {
			isa = XCBuildConfiguration;
			buildSettings = {
				ALWAYS_SEARCH_USER_PATHS = NO;
				CLANG_ANALYZER_LOCALIZABILITY_NONLOCALIZED = YES;
				CLANG_ANALYZER_NONNULL = YES;
				CLANG_ANALYZER_NUMBER_OBJECT_CONVERSION = YES_AGGRESSIVE;
				CLANG_CXX_LANGUAGE_STANDARD = "gnu++14";
				CLANG_CXX_LIBRARY = "libc++";
				CLANG_ENABLE_MODULES = YES;
				CLANG_ENABLE_OBJC_ARC = YES;
				CLANG_ENABLE_OBJC_WEAK = YES;
				CLANG_WARN_BLOCK_CAPTURE_AUTORELEASING = YES;
				CLANG_WARN_BOOL_CONVERSION = YES;
				CLANG_WARN_COMMA = YES;
				CLANG_WARN_CONSTANT_CONVERSION = YES;
				CLANG_WARN_DEPRECATED_OBJC_IMPLEMENTATIONS = YES;
				CLANG_WARN_DIRECT_OBJC_ISA_USAGE = YES_ERROR;
				CLANG_WARN_DOCUMENTATION_COMMENTS = YES;
				CLANG_WARN_EMPTY_BODY = YES;
				CLANG_WARN_ENUM_CONVERSION = YES;
				CLANG_WARN_INFINITE_RECURSION = YES;
				CLANG_WARN_INT_CONVERSION = YES;
				CLANG_WARN_NON_LITERAL_NULL_CONVERSION = YES;
				CLANG_WARN_OBJC_IMPLICIT_RETAIN_SELF = YES;
				CLANG_WARN_OBJC_LITERAL_CONVERSION = YES;
				CLANG_WARN_OBJC_ROOT_CLASS = YES_ERROR;
				CLANG_WARN_RANGE_LOOP_ANALYSIS = YES;
				CLANG_WARN_STRICT_PROTOTYPES = YES;
				CLANG_WARN_SUSPICIOUS_MOVE = YES;
				CLANG_WARN_UNGUARDED_AVAILABILITY = YES_AGGRESSIVE;
				CLANG_WARN_UNREACHABLE_CODE = YES;
				CLANG_WARN__DUPLICATE_METHOD_MATCH = YES;
				COPY_PHASE_STRIP = NO;
				DEBUG_INFORMATION_FORMAT = "dwarf-with-dsym";
				ENABLE_NS_ASSERTIONS = NO;
				ENABLE_STRICT_OBJC_MSGSEND = YES;
				GCC_C_LANGUAGE_STANDARD = gnu11;
				GCC_NO_COMMON_BLOCKS = YES;
				GCC_WARN_64_TO_32_BIT_CONVERSION = YES;
				GCC_WARN_ABOUT_RETURN_TYPE = YES_ERROR;
				GCC_WARN_UNDECLARED_SELECTOR = YES;
				GCC_WARN_UNINITIALIZED_AUTOS = YES_AGGRESSIVE;
				GCC_WARN_UNUSED_FUNCTION = YES;
				GCC_WARN_UNUSED_VARIABLE = YES;
				IPHONEOS_DEPLOYMENT_TARGET = 13.2;
				MTL_ENABLE_DEBUG_INFO = NO;
				MTL_FAST_MATH = YES;
				SDKROOT = iphoneos;
				SWIFT_COMPILATION_MODE = wholemodule;
				SWIFT_OPTIMIZATION_LEVEL = "-O";
				VALIDATE_PRODUCT = YES;
			};
			name = Release;
		};
		8D94AF5D2407A5B2002D8D56 /* Debug */ = {
			isa = XCBuildConfiguration;
			baseConfigurationReference = CE466D07816827E3551FEED1 /* Pods-TodoViperApp.debug.xcconfig */;
			buildSettings = {
				ASSETCATALOG_COMPILER_APPICON_NAME = AppIcon;
				CODE_SIGN_STYLE = Automatic;
				DEVELOPMENT_TEAM = WUJDW64U79;
				INFOPLIST_FILE = TodoViperApp/Application/BundleFiles/Info.plist;
				IPHONEOS_DEPLOYMENT_TARGET = 11.0;
				LD_RUNPATH_SEARCH_PATHS = (
					"$(inherited)",
					"@executable_path/Frameworks",
				);
				PRODUCT_BUNDLE_IDENTIFIER = AlexAlmostEngineer.TodoViperApp;
				PRODUCT_NAME = "$(TARGET_NAME)";
				SWIFT_VERSION = 5.0;
				TARGETED_DEVICE_FAMILY = "1,2";
			};
			name = Debug;
		};
		8D94AF5E2407A5B2002D8D56 /* Release */ = {
			isa = XCBuildConfiguration;
			baseConfigurationReference = DFA840A8E66164B11F5BBC57 /* Pods-TodoViperApp.release.xcconfig */;
			buildSettings = {
				ASSETCATALOG_COMPILER_APPICON_NAME = AppIcon;
				CODE_SIGN_STYLE = Automatic;
				DEVELOPMENT_TEAM = WUJDW64U79;
				INFOPLIST_FILE = TodoViperApp/Application/BundleFiles/Info.plist;
				IPHONEOS_DEPLOYMENT_TARGET = 11.0;
				LD_RUNPATH_SEARCH_PATHS = (
					"$(inherited)",
					"@executable_path/Frameworks",
				);
				PRODUCT_BUNDLE_IDENTIFIER = AlexAlmostEngineer.TodoViperApp;
				PRODUCT_NAME = "$(TARGET_NAME)";
				SWIFT_VERSION = 5.0;
				TARGETED_DEVICE_FAMILY = "1,2";
			};
			name = Release;
		};
/* End XCBuildConfiguration section */

/* Begin XCConfigurationList section */
		8D94AF432407A5B0002D8D56 /* Build configuration list for PBXProject "TodoViperApp" */ = {
			isa = XCConfigurationList;
			buildConfigurations = (
				8D94AF5A2407A5B2002D8D56 /* Debug */,
				8D94AF5B2407A5B2002D8D56 /* Release */,
			);
			defaultConfigurationIsVisible = 0;
			defaultConfigurationName = Release;
		};
		8D94AF5C2407A5B2002D8D56 /* Build configuration list for PBXNativeTarget "TodoViperApp" */ = {
			isa = XCConfigurationList;
			buildConfigurations = (
				8D94AF5D2407A5B2002D8D56 /* Debug */,
				8D94AF5E2407A5B2002D8D56 /* Release */,
			);
			defaultConfigurationIsVisible = 0;
			defaultConfigurationName = Release;
		};
/* End XCConfigurationList section */
	};
	rootObject = 8D94AF402407A5B0002D8D56 /* Project object */;
}
